// !$*UTF8*$!
{
	archiveVersion = 1;
	classes = {
	};
	objectVersion = 46;
	objects = {

/* Begin PBXBuildFile section */
		632047F4163614B100FE566F /* UIKit.framework in Frameworks */ = {isa = PBXBuildFile; fileRef = 632047F3163614B100FE566F /* UIKit.framework */; };
		632047F6163614B100FE566F /* Foundation.framework in Frameworks */ = {isa = PBXBuildFile; fileRef = 632047F5163614B100FE566F /* Foundation.framework */; };
		632047F8163614B100FE566F /* CoreGraphics.framework in Frameworks */ = {isa = PBXBuildFile; fileRef = 632047F7163614B100FE566F /* CoreGraphics.framework */; };
		632047FE163614B100FE566F /* InfoPlist.strings in Resources */ = {isa = PBXBuildFile; fileRef = 632047FC163614B100FE566F /* InfoPlist.strings */; };
		63204800163614B100FE566F /* main.m in Sources */ = {isa = PBXBuildFile; fileRef = 632047FF163614B100FE566F /* main.m */; };
		63204804163614B100FE566F /* MemeAppDelegate.m in Sources */ = {isa = PBXBuildFile; fileRef = 63204803163614B100FE566F /* MemeAppDelegate.m */; };
		63204806163614B100FE566F /* Default.png in Resources */ = {isa = PBXBuildFile; fileRef = 63204805163614B100FE566F /* Default.png */; };
		63204808163614B100FE566F /* Default@2x.png in Resources */ = {isa = PBXBuildFile; fileRef = 63204807163614B100FE566F /* Default@2x.png */; };
		6320480A163614B100FE566F /* Default-568h@2x.png in Resources */ = {isa = PBXBuildFile; fileRef = 63204809163614B100FE566F /* Default-568h@2x.png */; };
		6320480D163614B100FE566F /* MainStoryboard_iPhone.storyboard in Resources */ = {isa = PBXBuildFile; fileRef = 6320480B163614B100FE566F /* MainStoryboard_iPhone.storyboard */; };
		63204810163614B100FE566F /* MainStoryboard_iPad.storyboard in Resources */ = {isa = PBXBuildFile; fileRef = 6320480E163614B100FE566F /* MainStoryboard_iPad.storyboard */; };
		6320481B16361D9000FE566F /* MemeViewController.m in Sources */ = {isa = PBXBuildFile; fileRef = 6320481A16361D9000FE566F /* MemeViewController.m */; };
		6320481E16362DBE00FE566F /* MemeModel.m in Sources */ = {isa = PBXBuildFile; fileRef = 6320481D16362DBE00FE566F /* MemeModel.m */; };
		637A4FEF16365BB80043209E /* cell_bg_phone.png in Resources */ = {isa = PBXBuildFile; fileRef = 637A4FEE16365BB80043209E /* cell_bg_phone.png */; };
		637A4FF11636633C0043209E /* cell_bg_phone_selected.png in Resources */ = {isa = PBXBuildFile; fileRef = 637A4FF01636633C0043209E /* cell_bg_phone_selected.png */; };
		637A4FF416366A390043209E /* now_kiss.png in Resources */ = {isa = PBXBuildFile; fileRef = 637A4FF216366A390043209E /* now_kiss.png */; };
		637A4FF516366A390043209E /* sweet_jesus_have_mercy.png in Resources */ = {isa = PBXBuildFile; fileRef = 637A4FF316366A390043209E /* sweet_jesus_have_mercy.png */; };
		637A4FF716366C5D0043209E /* fffuuuuu.png in Resources */ = {isa = PBXBuildFile; fileRef = 637A4FF616366C5D0043209E /* fffuuuuu.png */; };
		637A4FFA163674D50043209E /* tutorial2.PNG in Resources */ = {isa = PBXBuildFile; fileRef = 637A4FF8163674D50043209E /* tutorial2.PNG */; };
		637A4FFB163674D50043209E /* tutorial3.png in Resources */ = {isa = PBXBuildFile; fileRef = 637A4FF9163674D50043209E /* tutorial3.png */; };
		637A4FFE1636772B0043209E /* HelpViewController.m in Sources */ = {isa = PBXBuildFile; fileRef = 637A4FFD1636772B0043209E /* HelpViewController.m */; };
		637A5000163678460043209E /* HelpViewPhone.xib in Resources */ = {isa = PBXBuildFile; fileRef = 637A4FFF163678460043209E /* HelpViewPhone.xib */; };
		637A5002163683610043209E /* select_confirm.png in Resources */ = {isa = PBXBuildFile; fileRef = 637A5001163683610043209E /* select_confirm.png */; };
		63887B7C16363B6B00E7092C /* MemeCell.m in Sources */ = {isa = PBXBuildFile; fileRef = 63887B7B16363B6B00E7092C /* MemeCell.m */; };
		63887C3F1636417000E7092C /* actually_its_not_ok.png in Resources */ = {isa = PBXBuildFile; fileRef = 63887C001636417000E7092C /* actually_its_not_ok.png */; };
		63887C401636417000E7092C /* actually_pretty_badass.png in Resources */ = {isa = PBXBuildFile; fileRef = 63887C011636417000E7092C /* actually_pretty_badass.png */; };
		63887C411636417000E7092C /* all_the_things.png in Resources */ = {isa = PBXBuildFile; fileRef = 63887C021636417000E7092C /* all_the_things.png */; };
		63887C421636417000E7092C /* are_you_fucking_kidding_me.png in Resources */ = {isa = PBXBuildFile; fileRef = 63887C031636417000E7092C /* are_you_fucking_kidding_me.png */; };
		63887C431636417000E7092C /* are_you_serious.png in Resources */ = {isa = PBXBuildFile; fileRef = 63887C041636417000E7092C /* are_you_serious.png */; };
		63887C441636417000E7092C /* awww_yyyeeeaaa.png in Resources */ = {isa = PBXBuildFile; fileRef = 63887C051636417000E7092C /* awww_yyyeeeaaa.png */; };
		63887C451636417000E7092C /* badass_over_here.png in Resources */ = {isa = PBXBuildFile; fileRef = 63887C061636417000E7092C /* badass_over_here.png */; };
		63887C461636417000E7092C /* bitch_please.png in Resources */ = {isa = PBXBuildFile; fileRef = 63887C071636417000E7092C /* bitch_please.png */; };
		63887C471636417000E7092C /* challenge_accepted.png in Resources */ = {isa = PBXBuildFile; fileRef = 63887C081636417000E7092C /* challenge_accepted.png */; };
		63887C481636417000E7092C /* challenge_considered.png in Resources */ = {isa = PBXBuildFile; fileRef = 63887C091636417000E7092C /* challenge_considered.png */; };
		63887C491636417000E7092C /* challenge_denied.png in Resources */ = {isa = PBXBuildFile; fileRef = 63887C0A1636417000E7092C /* challenge_denied.png */; };
		63887C4A1636417000E7092C /* challenge_failed.png in Resources */ = {isa = PBXBuildFile; fileRef = 63887C0B1636417000E7092C /* challenge_failed.png */; };
		63887C4B1636417000E7092C /* computer_stare.png in Resources */ = {isa = PBXBuildFile; fileRef = 63887C0C1636417000E7092C /* computer_stare.png */; };
		63887C4C1636417000E7092C /* crying.png in Resources */ = {isa = PBXBuildFile; fileRef = 63887C0D1636417000E7092C /* crying.png */; };
		63887C4D1636417000E7092C /* dude_come_on.png in Resources */ = {isa = PBXBuildFile; fileRef = 63887C0E1636417000E7092C /* dude_come_on.png */; };
		63887C4E1636417000E7092C /* epic_win.png in Resources */ = {isa = PBXBuildFile; fileRef = 63887C0F1636417000E7092C /* epic_win.png */; };
		63887C4F1636417000E7092C /* facepalm.png in Resources */ = {isa = PBXBuildFile; fileRef = 63887C101636417000E7092C /* facepalm.png */; };
		63887C501636417000E7092C /* fapfap.png in Resources */ = {isa = PBXBuildFile; fileRef = 63887C111636417000E7092C /* fapfap.png */; };
		63887C521636417000E7092C /* forever_alone.png in Resources */ = {isa = PBXBuildFile; fileRef = 63887C131636417000E7092C /* forever_alone.png */; };
		63887C531636417000E7092C /* fuck_yea.png in Resources */ = {isa = PBXBuildFile; fileRef = 63887C141636417000E7092C /* fuck_yea.png */; };
		63887C541636417000E7092C /* fucking_done.png in Resources */ = {isa = PBXBuildFile; fileRef = 63887C151636417000E7092C /* fucking_done.png */; };
		63887C551636417000E7092C /* gasp.png in Resources */ = {isa = PBXBuildFile; fileRef = 63887C161636417000E7092C /* gasp.png */; };
		63887C561636417000E7092C /* good_job.png in Resources */ = {isa = PBXBuildFile; fileRef = 63887C171636417000E7092C /* good_job.png */; };
		63887C571636417000E7092C /* gtfo.png in Resources */ = {isa = PBXBuildFile; fileRef = 63887C181636417000E7092C /* gtfo.png */; };
		63887C581636417000E7092C /* happy.png in Resources */ = {isa = PBXBuildFile; fileRef = 63887C191636417000E7092C /* happy.png */; };
		63887C591636417000E7092C /* haters_gonna_hate.png in Resources */ = {isa = PBXBuildFile; fileRef = 63887C1A1636417000E7092C /* haters_gonna_hate.png */; };
		63887C5A1636417000E7092C /* herp_derp.png in Resources */ = {isa = PBXBuildFile; fileRef = 63887C1B1636417000E7092C /* herp_derp.png */; };
		63887C5B1636417000E7092C /* i_lied.png in Resources */ = {isa = PBXBuildFile; fileRef = 63887C1C1636417000E7092C /* i_lied.png */; };
		63887C5C1636417000E7092C /* i_see_what_you_did_there.png in Resources */ = {isa = PBXBuildFile; fileRef = 63887C1D1636417000E7092C /* i_see_what_you_did_there.png */; };
		63887C5D1636417000E7092C /* im_watching_u.png in Resources */ = {isa = PBXBuildFile; fileRef = 63887C1E1636417000E7092C /* im_watching_u.png */; };
		63887C5E1636417000E7092C /* indeed.png in Resources */ = {isa = PBXBuildFile; fileRef = 63887C1F1636417000E7092C /* indeed.png */; };
		63887C5F1636417000E7092C /* little_kid.png in Resources */ = {isa = PBXBuildFile; fileRef = 63887C201636417000E7092C /* little_kid.png */; };
		63887C601636417000E7092C /* lol.png in Resources */ = {isa = PBXBuildFile; fileRef = 63887C211636417000E7092C /* lol.png */; };
		63887C611636417000E7092C /* me_gusta.png in Resources */ = {isa = PBXBuildFile; fileRef = 63887C221636417000E7092C /* me_gusta.png */; };
		63887C621636417000E7092C /* mission_accomplished.png in Resources */ = {isa = PBXBuildFile; fileRef = 63887C231636417000E7092C /* mission_accomplished.png */; };
		63887C631636417000E7092C /* mother_of_god.png in Resources */ = {isa = PBXBuildFile; fileRef = 63887C241636417000E7092C /* mother_of_god.png */; };
		63887C641636417000E7092C /* no.png in Resources */ = {isa = PBXBuildFile; fileRef = 63887C251636417000E7092C /* no.png */; };
		63887C651636417000E7092C /* not_bad.png in Resources */ = {isa = PBXBuildFile; fileRef = 63887C261636417000E7092C /* not_bad.png */; };
		63887C661636417000E7092C /* nothing_to_do_here.png in Resources */ = {isa = PBXBuildFile; fileRef = 63887C271636417000E7092C /* nothing_to_do_here.png */; };
		63887C681636417000E7092C /* oh_god_why.png in Resources */ = {isa = PBXBuildFile; fileRef = 63887C291636417000E7092C /* oh_god_why.png */; };
		63887C691636417000E7092C /* oh_stop_it_you.png in Resources */ = {isa = PBXBuildFile; fileRef = 63887C2A1636417000E7092C /* oh_stop_it_you.png */; };
		63887C6A1636417000E7092C /* okay.png in Resources */ = {isa = PBXBuildFile; fileRef = 63887C2B1636417000E7092C /* okay.png */; };
		63887C6B1636417000E7092C /* pff.png in Resources */ = {isa = PBXBuildFile; fileRef = 63887C2C1636417000E7092C /* pff.png */; };
		63887C6C1636417000E7092C /* pfffftttchch.png in Resources */ = {isa = PBXBuildFile; fileRef = 63887C2D1636417000E7092C /* pfffftttchch.png */; };
		63887C6D1636417000E7092C /* poker_face.png in Resources */ = {isa = PBXBuildFile; fileRef = 63887C2E1636417000E7092C /* poker_face.png */; };
		63887C6E1636417000E7092C /* sad.png in Resources */ = {isa = PBXBuildFile; fileRef = 63887C2F1636417000E7092C /* sad.png */; };
		63887C6F1636417000E7092C /* sad_forever.png in Resources */ = {isa = PBXBuildFile; fileRef = 63887C301636417000E7092C /* sad_forever.png */; };
		63887C701636417000E7092C /* smile.png in Resources */ = {isa = PBXBuildFile; fileRef = 63887C311636417000E7092C /* smile.png */; };
		63887C711636417000E7092C /* suprised_cat.png in Resources */ = {isa = PBXBuildFile; fileRef = 63887C321636417000E7092C /* suprised_cat.png */; };
		63887C731636417000E7092C /* troll.png in Resources */ = {isa = PBXBuildFile; fileRef = 63887C341636417000E7092C /* troll.png */; };
		63887C741636417000E7092C /* true_story.png in Resources */ = {isa = PBXBuildFile; fileRef = 63887C351636417000E7092C /* true_story.png */; };
		63887C751636417000E7092C /* wait.png in Resources */ = {isa = PBXBuildFile; fileRef = 63887C361636417000E7092C /* wait.png */; };
		63887C761636417000E7092C /* what.png in Resources */ = {isa = PBXBuildFile; fileRef = 63887C371636417000E7092C /* what.png */; };
		63887C771636417000E7092C /* what_have_you_done.png in Resources */ = {isa = PBXBuildFile; fileRef = 63887C381636417000E7092C /* what_have_you_done.png */; };
		63887C781636417000E7092C /* whats_all_this_racket.png in Resources */ = {isa = PBXBuildFile; fileRef = 63887C391636417000E7092C /* whats_all_this_racket.png */; };
		63887C791636417000E7092C /* why.png in Resources */ = {isa = PBXBuildFile; fileRef = 63887C3A1636417000E7092C /* why.png */; };
		63887C7A1636417000E7092C /* whyyy.png in Resources */ = {isa = PBXBuildFile; fileRef = 63887C3B1636417000E7092C /* whyyy.png */; };
		63887C7B1636417000E7092C /* y_u_no.png in Resources */ = {isa = PBXBuildFile; fileRef = 63887C3C1636417000E7092C /* y_u_no.png */; };
		63887C7C1636417000E7092C /* yes.png in Resources */ = {isa = PBXBuildFile; fileRef = 63887C3D1636417000E7092C /* yes.png */; };
		63887C7D1636417000E7092C /* you_didnt_say.png in Resources */ = {isa = PBXBuildFile; fileRef = 63887C3E1636417000E7092C /* you_didnt_say.png */; };
		63BB246B1637A78A00D4A196 /* question_icon.png in Resources */ = {isa = PBXBuildFile; fileRef = 63BB246A1637A78A00D4A196 /* question_icon.png */; };
		63BB246E1637A85E00D4A196 /* question_icon@2x.png in Resources */ = {isa = PBXBuildFile; fileRef = 63BB246D1637A85E00D4A196 /* question_icon@2x.png */; };
		63BB24701637AB8400D4A196 /* meme_icon@2x.png in Resources */ = {isa = PBXBuildFile; fileRef = 63BB246F1637AB8400D4A196 /* meme_icon@2x.png */; };
		63BB24721637AC0A00D4A196 /* meme_icon.png in Resources */ = {isa = PBXBuildFile; fileRef = 63BB24711637AC0A00D4A196 /* meme_icon.png */; };
		63BB24771637C88400D4A196 /* cell_bg_pad_selected.png in Resources */ = {isa = PBXBuildFile; fileRef = 63BB24731637C88400D4A196 /* cell_bg_pad_selected.png */; };
		63BB24781637C88400D4A196 /* cell_bg_pad.png in Resources */ = {isa = PBXBuildFile; fileRef = 63BB24741637C88400D4A196 /* cell_bg_pad.png */; };
		63BB24791637C88400D4A196 /* favorite_icon_pad.png in Resources */ = {isa = PBXBuildFile; fileRef = 63BB24751637C88400D4A196 /* favorite_icon_pad.png */; };
		63BB247A1637C88400D4A196 /* favorite_icon_selected_pad.png in Resources */ = {isa = PBXBuildFile; fileRef = 63BB24761637C88400D4A196 /* favorite_icon_selected_pad.png */; };
		63F249B216368D7A00CDF8B4 /* view_bg.png in Resources */ = {isa = PBXBuildFile; fileRef = 63F249B116368D7A00CDF8B4 /* view_bg.png */; };
		63F249B5163692FC00CDF8B4 /* tutorial1.PNG in Resources */ = {isa = PBXBuildFile; fileRef = 63F249B4163692FC00CDF8B4 /* tutorial1.PNG */; };
		63F249B81637318500CDF8B4 /* FavoritesViewController.m in Sources */ = {isa = PBXBuildFile; fileRef = 63F249B71637318500CDF8B4 /* FavoritesViewController.m */; };
		63F249BB163731D500CDF8B4 /* DisplayViewController.m in Sources */ = {isa = PBXBuildFile; fileRef = 63F249BA163731D500CDF8B4 /* DisplayViewController.m */; };
		63F249BE16374E3100CDF8B4 /* favorite_icon_selected.png in Resources */ = {isa = PBXBuildFile; fileRef = 63F249BC16374E3100CDF8B4 /* favorite_icon_selected.png */; };
		63F249BF16374E3100CDF8B4 /* favorite_icon.png in Resources */ = {isa = PBXBuildFile; fileRef = 63F249BD16374E3100CDF8B4 /* favorite_icon.png */; };
/* End PBXBuildFile section */

/* Begin PBXFileReference section */
		632047EF163614B100FE566F /* MemeEmoji.app */ = {isa = PBXFileReference; explicitFileType = wrapper.application; includeInIndex = 0; path = MemeEmoji.app; sourceTree = BUILT_PRODUCTS_DIR; };
		632047F3163614B100FE566F /* UIKit.framework */ = {isa = PBXFileReference; lastKnownFileType = wrapper.framework; name = UIKit.framework; path = System/Library/Frameworks/UIKit.framework; sourceTree = SDKROOT; };
		632047F5163614B100FE566F /* Foundation.framework */ = {isa = PBXFileReference; lastKnownFileType = wrapper.framework; name = Foundation.framework; path = System/Library/Frameworks/Foundation.framework; sourceTree = SDKROOT; };
		632047F7163614B100FE566F /* CoreGraphics.framework */ = {isa = PBXFileReference; lastKnownFileType = wrapper.framework; name = CoreGraphics.framework; path = System/Library/Frameworks/CoreGraphics.framework; sourceTree = SDKROOT; };
		632047FB163614B100FE566F /* MemeEmoji-Info.plist */ = {isa = PBXFileReference; lastKnownFileType = text.plist.xml; path = "MemeEmoji-Info.plist"; sourceTree = "<group>"; };
		632047FD163614B100FE566F /* en */ = {isa = PBXFileReference; lastKnownFileType = text.plist.strings; name = en; path = en.lproj/InfoPlist.strings; sourceTree = "<group>"; };
		632047FF163614B100FE566F /* main.m */ = {isa = PBXFileReference; lastKnownFileType = sourcecode.c.objc; path = main.m; sourceTree = "<group>"; };
		63204801163614B100FE566F /* MemeEmoji-Prefix.pch */ = {isa = PBXFileReference; lastKnownFileType = sourcecode.c.h; path = "MemeEmoji-Prefix.pch"; sourceTree = "<group>"; };
		63204802163614B100FE566F /* MemeAppDelegate.h */ = {isa = PBXFileReference; lastKnownFileType = sourcecode.c.h; path = MemeAppDelegate.h; sourceTree = "<group>"; };
		63204803163614B100FE566F /* MemeAppDelegate.m */ = {isa = PBXFileReference; lastKnownFileType = sourcecode.c.objc; path = MemeAppDelegate.m; sourceTree = "<group>"; };
		63204805163614B100FE566F /* Default.png */ = {isa = PBXFileReference; lastKnownFileType = image.png; path = Default.png; sourceTree = "<group>"; };
		63204807163614B100FE566F /* Default@2x.png */ = {isa = PBXFileReference; lastKnownFileType = image.png; path = "Default@2x.png"; sourceTree = "<group>"; };
		63204809163614B100FE566F /* Default-568h@2x.png */ = {isa = PBXFileReference; lastKnownFileType = image.png; path = "Default-568h@2x.png"; sourceTree = "<group>"; };
		6320480C163614B100FE566F /* en */ = {isa = PBXFileReference; lastKnownFileType = file.storyboard; name = en; path = en.lproj/MainStoryboard_iPhone.storyboard; sourceTree = "<group>"; };
		6320480F163614B100FE566F /* en */ = {isa = PBXFileReference; lastKnownFileType = file.storyboard; name = en; path = en.lproj/MainStoryboard_iPad.storyboard; sourceTree = "<group>"; };
		6320481916361D9000FE566F /* MemeViewController.h */ = {isa = PBXFileReference; fileEncoding = 4; lastKnownFileType = sourcecode.c.h; name = MemeViewController.h; path = Controllers/MemeViewController.h; sourceTree = SOURCE_ROOT; };
		6320481A16361D9000FE566F /* MemeViewController.m */ = {isa = PBXFileReference; fileEncoding = 4; lastKnownFileType = sourcecode.c.objc; name = MemeViewController.m; path = Controllers/MemeViewController.m; sourceTree = SOURCE_ROOT; };
		6320481C16362DBE00FE566F /* MemeModel.h */ = {isa = PBXFileReference; fileEncoding = 4; lastKnownFileType = sourcecode.c.h; name = MemeModel.h; path = Models/MemeModel.h; sourceTree = SOURCE_ROOT; };
		6320481D16362DBE00FE566F /* MemeModel.m */ = {isa = PBXFileReference; fileEncoding = 4; lastKnownFileType = sourcecode.c.objc; name = MemeModel.m; path = Models/MemeModel.m; sourceTree = SOURCE_ROOT; };
		637A4FEE16365BB80043209E /* cell_bg_phone.png */ = {isa = PBXFileReference; lastKnownFileType = image.png; path = cell_bg_phone.png; sourceTree = "<group>"; };
		637A4FF01636633C0043209E /* cell_bg_phone_selected.png */ = {isa = PBXFileReference; lastKnownFileType = image.png; path = cell_bg_phone_selected.png; sourceTree = "<group>"; };
		637A4FF216366A390043209E /* now_kiss.png */ = {isa = PBXFileReference; lastKnownFileType = image.png; path = now_kiss.png; sourceTree = "<group>"; };
		637A4FF316366A390043209E /* sweet_jesus_have_mercy.png */ = {isa = PBXFileReference; lastKnownFileType = image.png; path = sweet_jesus_have_mercy.png; sourceTree = "<group>"; };
		637A4FF616366C5D0043209E /* fffuuuuu.png */ = {isa = PBXFileReference; lastKnownFileType = image.png; path = fffuuuuu.png; sourceTree = "<group>"; };
		637A4FF8163674D50043209E /* tutorial2.PNG */ = {isa = PBXFileReference; lastKnownFileType = image.png; path = tutorial2.PNG; sourceTree = "<group>"; };
		637A4FF9163674D50043209E /* tutorial3.png */ = {isa = PBXFileReference; lastKnownFileType = image.png; path = tutorial3.png; sourceTree = "<group>"; };
		637A4FFC1636772B0043209E /* HelpViewController.h */ = {isa = PBXFileReference; fileEncoding = 4; lastKnownFileType = sourcecode.c.h; name = HelpViewController.h; path = Controllers/HelpViewController.h; sourceTree = "<group>"; };
		637A4FFD1636772B0043209E /* HelpViewController.m */ = {isa = PBXFileReference; fileEncoding = 4; lastKnownFileType = sourcecode.c.objc; name = HelpViewController.m; path = Controllers/HelpViewController.m; sourceTree = "<group>"; };
		637A4FFF163678460043209E /* HelpViewPhone.xib */ = {isa = PBXFileReference; fileEncoding = 4; lastKnownFileType = file.xib; name = HelpViewPhone.xib; path = Views/HelpViewPhone.xib; sourceTree = "<group>"; };
		637A5001163683610043209E /* select_confirm.png */ = {isa = PBXFileReference; lastKnownFileType = image.png; path = select_confirm.png; sourceTree = "<group>"; };
		63887B7A16363B6B00E7092C /* MemeCell.h */ = {isa = PBXFileReference; fileEncoding = 4; lastKnownFileType = sourcecode.c.h; name = MemeCell.h; path = Views/MemeCell.h; sourceTree = SOURCE_ROOT; };
		63887B7B16363B6B00E7092C /* MemeCell.m */ = {isa = PBXFileReference; fileEncoding = 4; lastKnownFileType = sourcecode.c.objc; name = MemeCell.m; path = Views/MemeCell.m; sourceTree = SOURCE_ROOT; };
		63887C001636417000E7092C /* actually_its_not_ok.png */ = {isa = PBXFileReference; lastKnownFileType = image.png; path = actually_its_not_ok.png; sourceTree = "<group>"; };
		63887C011636417000E7092C /* actually_pretty_badass.png */ = {isa = PBXFileReference; lastKnownFileType = image.png; path = actually_pretty_badass.png; sourceTree = "<group>"; };
		63887C021636417000E7092C /* all_the_things.png */ = {isa = PBXFileReference; lastKnownFileType = image.png; path = all_the_things.png; sourceTree = "<group>"; };
		63887C031636417000E7092C /* are_you_fucking_kidding_me.png */ = {isa = PBXFileReference; lastKnownFileType = image.png; path = are_you_fucking_kidding_me.png; sourceTree = "<group>"; };
		63887C041636417000E7092C /* are_you_serious.png */ = {isa = PBXFileReference; lastKnownFileType = image.png; path = are_you_serious.png; sourceTree = "<group>"; };
		63887C051636417000E7092C /* awww_yyyeeeaaa.png */ = {isa = PBXFileReference; lastKnownFileType = image.png; path = awww_yyyeeeaaa.png; sourceTree = "<group>"; };
		63887C061636417000E7092C /* badass_over_here.png */ = {isa = PBXFileReference; lastKnownFileType = image.png; path = badass_over_here.png; sourceTree = "<group>"; };
		63887C071636417000E7092C /* bitch_please.png */ = {isa = PBXFileReference; lastKnownFileType = image.png; path = bitch_please.png; sourceTree = "<group>"; };
		63887C081636417000E7092C /* challenge_accepted.png */ = {isa = PBXFileReference; lastKnownFileType = image.png; path = challenge_accepted.png; sourceTree = "<group>"; };
		63887C091636417000E7092C /* challenge_considered.png */ = {isa = PBXFileReference; lastKnownFileType = image.png; path = challenge_considered.png; sourceTree = "<group>"; };
		63887C0A1636417000E7092C /* challenge_denied.png */ = {isa = PBXFileReference; lastKnownFileType = image.png; path = challenge_denied.png; sourceTree = "<group>"; };
		63887C0B1636417000E7092C /* challenge_failed.png */ = {isa = PBXFileReference; lastKnownFileType = image.png; path = challenge_failed.png; sourceTree = "<group>"; };
		63887C0C1636417000E7092C /* computer_stare.png */ = {isa = PBXFileReference; lastKnownFileType = image.png; path = computer_stare.png; sourceTree = "<group>"; };
		63887C0D1636417000E7092C /* crying.png */ = {isa = PBXFileReference; lastKnownFileType = image.png; path = crying.png; sourceTree = "<group>"; };
		63887C0E1636417000E7092C /* dude_come_on.png */ = {isa = PBXFileReference; lastKnownFileType = image.png; path = dude_come_on.png; sourceTree = "<group>"; };
		63887C0F1636417000E7092C /* epic_win.png */ = {isa = PBXFileReference; lastKnownFileType = image.png; path = epic_win.png; sourceTree = "<group>"; };
		63887C101636417000E7092C /* facepalm.png */ = {isa = PBXFileReference; lastKnownFileType = image.png; path = facepalm.png; sourceTree = "<group>"; };
		63887C111636417000E7092C /* fapfap.png */ = {isa = PBXFileReference; lastKnownFileType = image.png; path = fapfap.png; sourceTree = "<group>"; };
		63887C131636417000E7092C /* forever_alone.png */ = {isa = PBXFileReference; lastKnownFileType = image.png; path = forever_alone.png; sourceTree = "<group>"; };
		63887C141636417000E7092C /* fuck_yea.png */ = {isa = PBXFileReference; lastKnownFileType = image.png; path = fuck_yea.png; sourceTree = "<group>"; };
		63887C151636417000E7092C /* fucking_done.png */ = {isa = PBXFileReference; lastKnownFileType = image.png; path = fucking_done.png; sourceTree = "<group>"; };
		63887C161636417000E7092C /* gasp.png */ = {isa = PBXFileReference; lastKnownFileType = image.png; path = gasp.png; sourceTree = "<group>"; };
		63887C171636417000E7092C /* good_job.png */ = {isa = PBXFileReference; lastKnownFileType = image.png; path = good_job.png; sourceTree = "<group>"; };
		63887C181636417000E7092C /* gtfo.png */ = {isa = PBXFileReference; lastKnownFileType = image.png; path = gtfo.png; sourceTree = "<group>"; };
		63887C191636417000E7092C /* happy.png */ = {isa = PBXFileReference; lastKnownFileType = image.png; path = happy.png; sourceTree = "<group>"; };
		63887C1A1636417000E7092C /* haters_gonna_hate.png */ = {isa = PBXFileReference; lastKnownFileType = image.png; path = haters_gonna_hate.png; sourceTree = "<group>"; };
		63887C1B1636417000E7092C /* herp_derp.png */ = {isa = PBXFileReference; lastKnownFileType = image.png; path = herp_derp.png; sourceTree = "<group>"; };
		63887C1C1636417000E7092C /* i_lied.png */ = {isa = PBXFileReference; lastKnownFileType = image.png; path = i_lied.png; sourceTree = "<group>"; };
		63887C1D1636417000E7092C /* i_see_what_you_did_there.png */ = {isa = PBXFileReference; lastKnownFileType = image.png; path = i_see_what_you_did_there.png; sourceTree = "<group>"; };
		63887C1E1636417000E7092C /* im_watching_u.png */ = {isa = PBXFileReference; lastKnownFileType = image.png; path = im_watching_u.png; sourceTree = "<group>"; };
		63887C1F1636417000E7092C /* indeed.png */ = {isa = PBXFileReference; lastKnownFileType = image.png; path = indeed.png; sourceTree = "<group>"; };
		63887C201636417000E7092C /* little_kid.png */ = {isa = PBXFileReference; lastKnownFileType = image.png; path = little_kid.png; sourceTree = "<group>"; };
		63887C211636417000E7092C /* lol.png */ = {isa = PBXFileReference; lastKnownFileType = image.png; path = lol.png; sourceTree = "<group>"; };
		63887C221636417000E7092C /* me_gusta.png */ = {isa = PBXFileReference; lastKnownFileType = image.png; path = me_gusta.png; sourceTree = "<group>"; };
		63887C231636417000E7092C /* mission_accomplished.png */ = {isa = PBXFileReference; lastKnownFileType = image.png; path = mission_accomplished.png; sourceTree = "<group>"; };
		63887C241636417000E7092C /* mother_of_god.png */ = {isa = PBXFileReference; lastKnownFileType = image.png; path = mother_of_god.png; sourceTree = "<group>"; };
		63887C251636417000E7092C /* no.png */ = {isa = PBXFileReference; lastKnownFileType = image.png; path = no.png; sourceTree = "<group>"; };
		63887C261636417000E7092C /* not_bad.png */ = {isa = PBXFileReference; lastKnownFileType = image.png; path = not_bad.png; sourceTree = "<group>"; };
		63887C271636417000E7092C /* nothing_to_do_here.png */ = {isa = PBXFileReference; lastKnownFileType = image.png; path = nothing_to_do_here.png; sourceTree = "<group>"; };
		63887C291636417000E7092C /* oh_god_why.png */ = {isa = PBXFileReference; lastKnownFileType = image.png; path = oh_god_why.png; sourceTree = "<group>"; };
		63887C2A1636417000E7092C /* oh_stop_it_you.png */ = {isa = PBXFileReference; lastKnownFileType = image.png; path = oh_stop_it_you.png; sourceTree = "<group>"; };
		63887C2B1636417000E7092C /* okay.png */ = {isa = PBXFileReference; lastKnownFileType = image.png; path = okay.png; sourceTree = "<group>"; };
		63887C2C1636417000E7092C /* pff.png */ = {isa = PBXFileReference; lastKnownFileType = image.png; path = pff.png; sourceTree = "<group>"; };
		63887C2D1636417000E7092C /* pfffftttchch.png */ = {isa = PBXFileReference; lastKnownFileType = image.png; path = pfffftttchch.png; sourceTree = "<group>"; };
		63887C2E1636417000E7092C /* poker_face.png */ = {isa = PBXFileReference; lastKnownFileType = image.png; path = poker_face.png; sourceTree = "<group>"; };
		63887C2F1636417000E7092C /* sad.png */ = {isa = PBXFileReference; lastKnownFileType = image.png; path = sad.png; sourceTree = "<group>"; };
		63887C301636417000E7092C /* sad_forever.png */ = {isa = PBXFileReference; lastKnownFileType = image.png; path = sad_forever.png; sourceTree = "<group>"; };
		63887C311636417000E7092C /* smile.png */ = {isa = PBXFileReference; lastKnownFileType = image.png; path = smile.png; sourceTree = "<group>"; };
		63887C321636417000E7092C /* suprised_cat.png */ = {isa = PBXFileReference; lastKnownFileType = image.png; path = suprised_cat.png; sourceTree = "<group>"; };
		63887C341636417000E7092C /* troll.png */ = {isa = PBXFileReference; lastKnownFileType = image.png; path = troll.png; sourceTree = "<group>"; };
		63887C351636417000E7092C /* true_story.png */ = {isa = PBXFileReference; lastKnownFileType = image.png; path = true_story.png; sourceTree = "<group>"; };
		63887C361636417000E7092C /* wait.png */ = {isa = PBXFileReference; lastKnownFileType = image.png; path = wait.png; sourceTree = "<group>"; };
		63887C371636417000E7092C /* what.png */ = {isa = PBXFileReference; lastKnownFileType = image.png; path = what.png; sourceTree = "<group>"; };
		63887C381636417000E7092C /* what_have_you_done.png */ = {isa = PBXFileReference; lastKnownFileType = image.png; path = what_have_you_done.png; sourceTree = "<group>"; };
		63887C391636417000E7092C /* whats_all_this_racket.png */ = {isa = PBXFileReference; lastKnownFileType = image.png; path = whats_all_this_racket.png; sourceTree = "<group>"; };
		63887C3A1636417000E7092C /* why.png */ = {isa = PBXFileReference; lastKnownFileType = image.png; path = why.png; sourceTree = "<group>"; };
		63887C3B1636417000E7092C /* whyyy.png */ = {isa = PBXFileReference; lastKnownFileType = image.png; path = whyyy.png; sourceTree = "<group>"; };
		63887C3C1636417000E7092C /* y_u_no.png */ = {isa = PBXFileReference; lastKnownFileType = image.png; path = y_u_no.png; sourceTree = "<group>"; };
		63887C3D1636417000E7092C /* yes.png */ = {isa = PBXFileReference; lastKnownFileType = image.png; path = yes.png; sourceTree = "<group>"; };
		63887C3E1636417000E7092C /* you_didnt_say.png */ = {isa = PBXFileReference; lastKnownFileType = image.png; path = you_didnt_say.png; sourceTree = "<group>"; };
		63BB246A1637A78A00D4A196 /* question_icon.png */ = {isa = PBXFileReference; lastKnownFileType = image.png; path = question_icon.png; sourceTree = "<group>"; };
		63BB246D1637A85E00D4A196 /* question_icon@2x.png */ = {isa = PBXFileReference; lastKnownFileType = image.png; path = "question_icon@2x.png"; sourceTree = "<group>"; };
		63BB246F1637AB8400D4A196 /* meme_icon@2x.png */ = {isa = PBXFileReference; lastKnownFileType = image.png; path = "meme_icon@2x.png"; sourceTree = "<group>"; };
		63BB24711637AC0A00D4A196 /* meme_icon.png */ = {isa = PBXFileReference; lastKnownFileType = image.png; path = meme_icon.png; sourceTree = "<group>"; };
		63BB24731637C88400D4A196 /* cell_bg_pad_selected.png */ = {isa = PBXFileReference; lastKnownFileType = image.png; path = cell_bg_pad_selected.png; sourceTree = "<group>"; };
		63BB24741637C88400D4A196 /* cell_bg_pad.png */ = {isa = PBXFileReference; lastKnownFileType = image.png; path = cell_bg_pad.png; sourceTree = "<group>"; };
		63BB24751637C88400D4A196 /* favorite_icon_pad.png */ = {isa = PBXFileReference; lastKnownFileType = image.png; path = favorite_icon_pad.png; sourceTree = "<group>"; };
		63BB24761637C88400D4A196 /* favorite_icon_selected_pad.png */ = {isa = PBXFileReference; lastKnownFileType = image.png; path = favorite_icon_selected_pad.png; sourceTree = "<group>"; };
		63F249B116368D7A00CDF8B4 /* view_bg.png */ = {isa = PBXFileReference; lastKnownFileType = image.png; path = view_bg.png; sourceTree = "<group>"; };
		63F249B4163692FC00CDF8B4 /* tutorial1.PNG */ = {isa = PBXFileReference; lastKnownFileType = image.png; path = tutorial1.PNG; sourceTree = "<group>"; };
		63F249B61637318500CDF8B4 /* FavoritesViewController.h */ = {isa = PBXFileReference; fileEncoding = 4; lastKnownFileType = sourcecode.c.h; name = FavoritesViewController.h; path = Controllers/FavoritesViewController.h; sourceTree = "<group>"; };
		63F249B71637318500CDF8B4 /* FavoritesViewController.m */ = {isa = PBXFileReference; fileEncoding = 4; lastKnownFileType = sourcecode.c.objc; name = FavoritesViewController.m; path = Controllers/FavoritesViewController.m; sourceTree = "<group>"; };
		63F249B9163731D500CDF8B4 /* DisplayViewController.h */ = {isa = PBXFileReference; fileEncoding = 4; lastKnownFileType = sourcecode.c.h; name = DisplayViewController.h; path = Controllers/DisplayViewController.h; sourceTree = "<group>"; };
		63F249BA163731D500CDF8B4 /* DisplayViewController.m */ = {isa = PBXFileReference; fileEncoding = 4; lastKnownFileType = sourcecode.c.objc; name = DisplayViewController.m; path = Controllers/DisplayViewController.m; sourceTree = "<group>"; };
		63F249BC16374E3100CDF8B4 /* favorite_icon_selected.png */ = {isa = PBXFileReference; lastKnownFileType = image.png; path = favorite_icon_selected.png; sourceTree = "<group>"; };
		63F249BD16374E3100CDF8B4 /* favorite_icon.png */ = {isa = PBXFileReference; lastKnownFileType = image.png; path = favorite_icon.png; sourceTree = "<group>"; };
/* End PBXFileReference section */

/* Begin PBXFrameworksBuildPhase section */
		632047EC163614B100FE566F /* Frameworks */ = {
			isa = PBXFrameworksBuildPhase;
			buildActionMask = 2147483647;
			files = (
				632047F4163614B100FE566F /* UIKit.framework in Frameworks */,
				632047F6163614B100FE566F /* Foundation.framework in Frameworks */,
				632047F8163614B100FE566F /* CoreGraphics.framework in Frameworks */,
			);
			runOnlyForDeploymentPostprocessing = 0;
		};
/* End PBXFrameworksBuildPhase section */

/* Begin PBXGroup section */
		632047E4163614B100FE566F = {
			isa = PBXGroup;
			children = (
				637A4FE9163647520043209E /* Controllers */,
				63887B7E16363B6F00E7092C /* Views */,
				6320481F16362DC400FE566F /* Models */,
				632047F9163614B100FE566F /* MemeEmoji */,
				632047F2163614B100FE566F /* Frameworks */,
				632047F0163614B100FE566F /* Products */,
				63887BFF1636417000E7092C /* Memes */,
			);
			sourceTree = "<group>";
		};
		632047F0163614B100FE566F /* Products */ = {
			isa = PBXGroup;
			children = (
				632047EF163614B100FE566F /* MemeEmoji.app */,
			);
			name = Products;
			sourceTree = "<group>";
		};
		632047F2163614B100FE566F /* Frameworks */ = {
			isa = PBXGroup;
			children = (
				632047F3163614B100FE566F /* UIKit.framework */,
				632047F5163614B100FE566F /* Foundation.framework */,
				632047F7163614B100FE566F /* CoreGraphics.framework */,
			);
			name = Frameworks;
			sourceTree = "<group>";
		};
		632047F9163614B100FE566F /* MemeEmoji */ = {
			isa = PBXGroup;
			children = (
				63204802163614B100FE566F /* MemeAppDelegate.h */,
				63204803163614B100FE566F /* MemeAppDelegate.m */,
				6320480B163614B100FE566F /* MainStoryboard_iPhone.storyboard */,
				6320480E163614B100FE566F /* MainStoryboard_iPad.storyboard */,
				632047FA163614B100FE566F /* Supporting Files */,
			);
			path = MemeEmoji;
			sourceTree = "<group>";
		};
		632047FA163614B100FE566F /* Supporting Files */ = {
			isa = PBXGroup;
			children = (
				63BB24731637C88400D4A196 /* cell_bg_pad_selected.png */,
				63BB24741637C88400D4A196 /* cell_bg_pad.png */,
				63BB24751637C88400D4A196 /* favorite_icon_pad.png */,
				63BB24761637C88400D4A196 /* favorite_icon_selected_pad.png */,
				63BB24711637AC0A00D4A196 /* meme_icon.png */,
				63BB246F1637AB8400D4A196 /* meme_icon@2x.png */,
				63BB246D1637A85E00D4A196 /* question_icon@2x.png */,
				63BB246A1637A78A00D4A196 /* question_icon.png */,
				63F249BC16374E3100CDF8B4 /* favorite_icon_selected.png */,
				63F249BD16374E3100CDF8B4 /* favorite_icon.png */,
				63F249B4163692FC00CDF8B4 /* tutorial1.PNG */,
				63F249B116368D7A00CDF8B4 /* view_bg.png */,
				637A5001163683610043209E /* select_confirm.png */,
				637A4FF8163674D50043209E /* tutorial2.PNG */,
				637A4FF9163674D50043209E /* tutorial3.png */,
				637A4FF01636633C0043209E /* cell_bg_phone_selected.png */,
				637A4FEE16365BB80043209E /* cell_bg_phone.png */,
				632047FB163614B100FE566F /* MemeEmoji-Info.plist */,
				632047FC163614B100FE566F /* InfoPlist.strings */,
				632047FF163614B100FE566F /* main.m */,
				63204801163614B100FE566F /* MemeEmoji-Prefix.pch */,
				63204805163614B100FE566F /* Default.png */,
				63204807163614B100FE566F /* Default@2x.png */,
				63204809163614B100FE566F /* Default-568h@2x.png */,
			);
			name = "Supporting Files";
			sourceTree = "<group>";
		};
		6320481F16362DC400FE566F /* Models */ = {
			isa = PBXGroup;
			children = (
				6320481C16362DBE00FE566F /* MemeModel.h */,
				6320481D16362DBE00FE566F /* MemeModel.m */,
			);
			name = Models;
			sourceTree = "<group>";
		};
		637A4FE9163647520043209E /* Controllers */ = {
			isa = PBXGroup;
			children = (
				6320481916361D9000FE566F /* MemeViewController.h */,
				6320481A16361D9000FE566F /* MemeViewController.m */,
				637A4FFC1636772B0043209E /* HelpViewController.h */,
				637A4FFD1636772B0043209E /* HelpViewController.m */,
				63F249B61637318500CDF8B4 /* FavoritesViewController.h */,
				63F249B71637318500CDF8B4 /* FavoritesViewController.m */,
				63F249B9163731D500CDF8B4 /* DisplayViewController.h */,
				63F249BA163731D500CDF8B4 /* DisplayViewController.m */,
			);
			name = Controllers;
			sourceTree = "<group>";
		};
		63887B7E16363B6F00E7092C /* Views */ = {
			isa = PBXGroup;
			children = (
				63887B7A16363B6B00E7092C /* MemeCell.h */,
				63887B7B16363B6B00E7092C /* MemeCell.m */,
				637A4FFF163678460043209E /* HelpViewPhone.xib */,
			);
			name = Views;
			sourceTree = "<group>";
		};
		63887BFF1636417000E7092C /* Memes */ = {
			isa = PBXGroup;
			children = (
				637A4FF616366C5D0043209E /* fffuuuuu.png */,
				637A4FF216366A390043209E /* now_kiss.png */,
				637A4FF316366A390043209E /* sweet_jesus_have_mercy.png */,
				63887C001636417000E7092C /* actually_its_not_ok.png */,
				63887C011636417000E7092C /* actually_pretty_badass.png */,
				63887C021636417000E7092C /* all_the_things.png */,
				63887C031636417000E7092C /* are_you_fucking_kidding_me.png */,
				63887C041636417000E7092C /* are_you_serious.png */,
				63887C051636417000E7092C /* awww_yyyeeeaaa.png */,
				63887C061636417000E7092C /* badass_over_here.png */,
				63887C071636417000E7092C /* bitch_please.png */,
				63887C081636417000E7092C /* challenge_accepted.png */,
				63887C091636417000E7092C /* challenge_considered.png */,
				63887C0A1636417000E7092C /* challenge_denied.png */,
				63887C0B1636417000E7092C /* challenge_failed.png */,
				63887C0C1636417000E7092C /* computer_stare.png */,
				63887C0D1636417000E7092C /* crying.png */,
				63887C0E1636417000E7092C /* dude_come_on.png */,
				63887C0F1636417000E7092C /* epic_win.png */,
				63887C101636417000E7092C /* facepalm.png */,
				63887C111636417000E7092C /* fapfap.png */,
				63887C131636417000E7092C /* forever_alone.png */,
				63887C141636417000E7092C /* fuck_yea.png */,
				63887C151636417000E7092C /* fucking_done.png */,
				63887C161636417000E7092C /* gasp.png */,
				63887C171636417000E7092C /* good_job.png */,
				63887C181636417000E7092C /* gtfo.png */,
				63887C191636417000E7092C /* happy.png */,
				63887C1A1636417000E7092C /* haters_gonna_hate.png */,
				63887C1B1636417000E7092C /* herp_derp.png */,
				63887C1C1636417000E7092C /* i_lied.png */,
				63887C1D1636417000E7092C /* i_see_what_you_did_there.png */,
				63887C1E1636417000E7092C /* im_watching_u.png */,
				63887C1F1636417000E7092C /* indeed.png */,
				63887C201636417000E7092C /* little_kid.png */,
				63887C211636417000E7092C /* lol.png */,
				63887C221636417000E7092C /* me_gusta.png */,
				63887C231636417000E7092C /* mission_accomplished.png */,
				63887C241636417000E7092C /* mother_of_god.png */,
				63887C251636417000E7092C /* no.png */,
				63887C261636417000E7092C /* not_bad.png */,
				63887C271636417000E7092C /* nothing_to_do_here.png */,
				63887C291636417000E7092C /* oh_god_why.png */,
				63887C2A1636417000E7092C /* oh_stop_it_you.png */,
				63887C2B1636417000E7092C /* okay.png */,
				63887C2C1636417000E7092C /* pff.png */,
				63887C2D1636417000E7092C /* pfffftttchch.png */,
				63887C2E1636417000E7092C /* poker_face.png */,
				63887C2F1636417000E7092C /* sad.png */,
				63887C301636417000E7092C /* sad_forever.png */,
				63887C311636417000E7092C /* smile.png */,
				63887C321636417000E7092C /* suprised_cat.png */,
				63887C341636417000E7092C /* troll.png */,
				63887C351636417000E7092C /* true_story.png */,
				63887C361636417000E7092C /* wait.png */,
				63887C371636417000E7092C /* what.png */,
				63887C381636417000E7092C /* what_have_you_done.png */,
				63887C391636417000E7092C /* whats_all_this_racket.png */,
				63887C3A1636417000E7092C /* why.png */,
				63887C3B1636417000E7092C /* whyyy.png */,
				63887C3C1636417000E7092C /* y_u_no.png */,
				63887C3D1636417000E7092C /* yes.png */,
				63887C3E1636417000E7092C /* you_didnt_say.png */,
			);
			path = Memes;
			sourceTree = "<group>";
		};
/* End PBXGroup section */

/* Begin PBXNativeTarget section */
		632047EE163614B100FE566F /* MemeEmoji */ = {
			isa = PBXNativeTarget;
			buildConfigurationList = 63204816163614B100FE566F /* Build configuration list for PBXNativeTarget "MemeEmoji" */;
			buildPhases = (
				632047EB163614B100FE566F /* Sources */,
				632047EC163614B100FE566F /* Frameworks */,
				632047ED163614B100FE566F /* Resources */,
			);
			buildRules = (
			);
			dependencies = (
			);
			name = MemeEmoji;
			productName = MemeEmoji;
			productReference = 632047EF163614B100FE566F /* MemeEmoji.app */;
			productType = "com.apple.product-type.application";
		};
/* End PBXNativeTarget section */

/* Begin PBXProject section */
		632047E6163614B100FE566F /* Project object */ = {
			isa = PBXProject;
			attributes = {
				CLASSPREFIX = Meme;
				LastUpgradeCheck = 0450;
				ORGANIZATIONNAME = "David Zhang";
			};
			buildConfigurationList = 632047E9163614B100FE566F /* Build configuration list for PBXProject "MemeEmoji" */;
			compatibilityVersion = "Xcode 3.2";
			developmentRegion = English;
			hasScannedForEncodings = 0;
			knownRegions = (
				en,
			);
			mainGroup = 632047E4163614B100FE566F;
			productRefGroup = 632047F0163614B100FE566F /* Products */;
			projectDirPath = "";
			projectRoot = "";
			targets = (
				632047EE163614B100FE566F /* MemeEmoji */,
			);
		};
/* End PBXProject section */

/* Begin PBXResourcesBuildPhase section */
		632047ED163614B100FE566F /* Resources */ = {
			isa = PBXResourcesBuildPhase;
			buildActionMask = 2147483647;
			files = (
				632047FE163614B100FE566F /* InfoPlist.strings in Resources */,
				63204806163614B100FE566F /* Default.png in Resources */,
				63204808163614B100FE566F /* Default@2x.png in Resources */,
				6320480A163614B100FE566F /* Default-568h@2x.png in Resources */,
				6320480D163614B100FE566F /* MainStoryboard_iPhone.storyboard in Resources */,
				63204810163614B100FE566F /* MainStoryboard_iPad.storyboard in Resources */,
				63887C3F1636417000E7092C /* actually_its_not_ok.png in Resources */,
				63887C401636417000E7092C /* actually_pretty_badass.png in Resources */,
				63887C411636417000E7092C /* all_the_things.png in Resources */,
				63887C421636417000E7092C /* are_you_fucking_kidding_me.png in Resources */,
				63887C431636417000E7092C /* are_you_serious.png in Resources */,
				63887C441636417000E7092C /* awww_yyyeeeaaa.png in Resources */,
				63887C451636417000E7092C /* badass_over_here.png in Resources */,
				63887C461636417000E7092C /* bitch_please.png in Resources */,
				63887C471636417000E7092C /* challenge_accepted.png in Resources */,
				63887C481636417000E7092C /* challenge_considered.png in Resources */,
				63887C491636417000E7092C /* challenge_denied.png in Resources */,
				63887C4A1636417000E7092C /* challenge_failed.png in Resources */,
				63887C4B1636417000E7092C /* computer_stare.png in Resources */,
				63887C4C1636417000E7092C /* crying.png in Resources */,
				63887C4D1636417000E7092C /* dude_come_on.png in Resources */,
				63887C4E1636417000E7092C /* epic_win.png in Resources */,
				63887C4F1636417000E7092C /* facepalm.png in Resources */,
				63887C501636417000E7092C /* fapfap.png in Resources */,
				63887C521636417000E7092C /* forever_alone.png in Resources */,
				63887C531636417000E7092C /* fuck_yea.png in Resources */,
				63887C541636417000E7092C /* fucking_done.png in Resources */,
				63887C551636417000E7092C /* gasp.png in Resources */,
				63887C561636417000E7092C /* good_job.png in Resources */,
				63887C571636417000E7092C /* gtfo.png in Resources */,
				63887C581636417000E7092C /* happy.png in Resources */,
				63887C591636417000E7092C /* haters_gonna_hate.png in Resources */,
				63887C5A1636417000E7092C /* herp_derp.png in Resources */,
				63887C5B1636417000E7092C /* i_lied.png in Resources */,
				63887C5C1636417000E7092C /* i_see_what_you_did_there.png in Resources */,
				63887C5D1636417000E7092C /* im_watching_u.png in Resources */,
				63887C5E1636417000E7092C /* indeed.png in Resources */,
				63887C5F1636417000E7092C /* little_kid.png in Resources */,
				63887C601636417000E7092C /* lol.png in Resources */,
				63887C611636417000E7092C /* me_gusta.png in Resources */,
				63887C621636417000E7092C /* mission_accomplished.png in Resources */,
				63887C631636417000E7092C /* mother_of_god.png in Resources */,
				63887C641636417000E7092C /* no.png in Resources */,
				63887C651636417000E7092C /* not_bad.png in Resources */,
				63887C661636417000E7092C /* nothing_to_do_here.png in Resources */,
				63887C681636417000E7092C /* oh_god_why.png in Resources */,
				63887C691636417000E7092C /* oh_stop_it_you.png in Resources */,
				63887C6A1636417000E7092C /* okay.png in Resources */,
				63887C6B1636417000E7092C /* pff.png in Resources */,
				63887C6C1636417000E7092C /* pfffftttchch.png in Resources */,
				63887C6D1636417000E7092C /* poker_face.png in Resources */,
				63887C6E1636417000E7092C /* sad.png in Resources */,
				63887C6F1636417000E7092C /* sad_forever.png in Resources */,
				63887C701636417000E7092C /* smile.png in Resources */,
				63887C711636417000E7092C /* suprised_cat.png in Resources */,
				63887C731636417000E7092C /* troll.png in Resources */,
				63887C741636417000E7092C /* true_story.png in Resources */,
				63887C751636417000E7092C /* wait.png in Resources */,
				63887C761636417000E7092C /* what.png in Resources */,
				63887C771636417000E7092C /* what_have_you_done.png in Resources */,
				63887C781636417000E7092C /* whats_all_this_racket.png in Resources */,
				63887C791636417000E7092C /* why.png in Resources */,
				63887C7A1636417000E7092C /* whyyy.png in Resources */,
				63887C7B1636417000E7092C /* y_u_no.png in Resources */,
				63887C7C1636417000E7092C /* yes.png in Resources */,
				63887C7D1636417000E7092C /* you_didnt_say.png in Resources */,
				637A4FEF16365BB80043209E /* cell_bg_phone.png in Resources */,
				637A4FF11636633C0043209E /* cell_bg_phone_selected.png in Resources */,
				637A4FF416366A390043209E /* now_kiss.png in Resources */,
				637A4FF516366A390043209E /* sweet_jesus_have_mercy.png in Resources */,
				637A4FF716366C5D0043209E /* fffuuuuu.png in Resources */,
				637A4FFA163674D50043209E /* tutorial2.PNG in Resources */,
				637A4FFB163674D50043209E /* tutorial3.png in Resources */,
				637A5000163678460043209E /* HelpViewPhone.xib in Resources */,
				637A5002163683610043209E /* select_confirm.png in Resources */,
				63F249B216368D7A00CDF8B4 /* view_bg.png in Resources */,
				63F249B5163692FC00CDF8B4 /* tutorial1.PNG in Resources */,
				63F249BE16374E3100CDF8B4 /* favorite_icon_selected.png in Resources */,
				63F249BF16374E3100CDF8B4 /* favorite_icon.png in Resources */,
				63BB246B1637A78A00D4A196 /* question_icon.png in Resources */,
				63BB246E1637A85E00D4A196 /* question_icon@2x.png in Resources */,
				63BB24701637AB8400D4A196 /* meme_icon@2x.png in Resources */,
				63BB24721637AC0A00D4A196 /* meme_icon.png in Resources */,
				63BB24771637C88400D4A196 /* cell_bg_pad_selected.png in Resources */,
				63BB24781637C88400D4A196 /* cell_bg_pad.png in Resources */,
				63BB24791637C88400D4A196 /* favorite_icon_pad.png in Resources */,
				63BB247A1637C88400D4A196 /* favorite_icon_selected_pad.png in Resources */,
			);
			runOnlyForDeploymentPostprocessing = 0;
		};
/* End PBXResourcesBuildPhase section */

/* Begin PBXSourcesBuildPhase section */
		632047EB163614B100FE566F /* Sources */ = {
			isa = PBXSourcesBuildPhase;
			buildActionMask = 2147483647;
			files = (
				63204800163614B100FE566F /* main.m in Sources */,
				63204804163614B100FE566F /* MemeAppDelegate.m in Sources */,
				6320481B16361D9000FE566F /* MemeViewController.m in Sources */,
				6320481E16362DBE00FE566F /* MemeModel.m in Sources */,
				63887B7C16363B6B00E7092C /* MemeCell.m in Sources */,
				637A4FFE1636772B0043209E /* HelpViewController.m in Sources */,
				63F249B81637318500CDF8B4 /* FavoritesViewController.m in Sources */,
				63F249BB163731D500CDF8B4 /* DisplayViewController.m in Sources */,
			);
			runOnlyForDeploymentPostprocessing = 0;
		};
/* End PBXSourcesBuildPhase section */

/* Begin PBXVariantGroup section */
		632047FC163614B100FE566F /* InfoPlist.strings */ = {
			isa = PBXVariantGroup;
			children = (
				632047FD163614B100FE566F /* en */,
			);
			name = InfoPlist.strings;
			sourceTree = "<group>";
		};
		6320480B163614B100FE566F /* MainStoryboard_iPhone.storyboard */ = {
			isa = PBXVariantGroup;
			children = (
				6320480C163614B100FE566F /* en */,
			);
			name = MainStoryboard_iPhone.storyboard;
			sourceTree = "<group>";
		};
		6320480E163614B100FE566F /* MainStoryboard_iPad.storyboard */ = {
			isa = PBXVariantGroup;
			children = (
				6320480F163614B100FE566F /* en */,
			);
			name = MainStoryboard_iPad.storyboard;
			sourceTree = "<group>";
		};
/* End PBXVariantGroup section */

/* Begin XCBuildConfiguration section */
		63204814163614B100FE566F /* Debug */ = {
			isa = XCBuildConfiguration;
			buildSettings = {
				ALWAYS_SEARCH_USER_PATHS = NO;
				CLANG_CXX_LANGUAGE_STANDARD = "gnu++0x";
				CLANG_CXX_LIBRARY = "libc++";
				CLANG_ENABLE_OBJC_ARC = YES;
				CLANG_WARN_EMPTY_BODY = YES;
				CLANG_WARN__DUPLICATE_METHOD_MATCH = YES;
				"CODE_SIGN_IDENTITY[sdk=iphoneos*]" = "iPhone Developer";
				COPY_PHASE_STRIP = NO;
				GCC_C_LANGUAGE_STANDARD = gnu99;
				GCC_DYNAMIC_NO_PIC = NO;
				GCC_OPTIMIZATION_LEVEL = 0;
				GCC_PREPROCESSOR_DEFINITIONS = (
					"DEBUG=1",
					"$(inherited)",
				);
				GCC_SYMBOLS_PRIVATE_EXTERN = NO;
				GCC_WARN_ABOUT_RETURN_TYPE = YES;
				GCC_WARN_UNINITIALIZED_AUTOS = YES;
				GCC_WARN_UNUSED_VARIABLE = YES;
				IPHONEOS_DEPLOYMENT_TARGET = 6.0;
				ONLY_ACTIVE_ARCH = YES;
				SDKROOT = iphoneos;
				TARGETED_DEVICE_FAMILY = "1,2";
			};
			name = Debug;
		};
		63204815163614B100FE566F /* Release */ = {
			isa = XCBuildConfiguration;
			buildSettings = {
				ALWAYS_SEARCH_USER_PATHS = NO;
				CLANG_CXX_LANGUAGE_STANDARD = "gnu++0x";
				CLANG_CXX_LIBRARY = "libc++";
				CLANG_ENABLE_OBJC_ARC = YES;
				CLANG_WARN_EMPTY_BODY = YES;
				CLANG_WARN__DUPLICATE_METHOD_MATCH = YES;
				"CODE_SIGN_IDENTITY[sdk=iphoneos*]" = "iPhone Developer";
				COPY_PHASE_STRIP = YES;
				GCC_C_LANGUAGE_STANDARD = gnu99;
				GCC_WARN_ABOUT_RETURN_TYPE = YES;
				GCC_WARN_UNINITIALIZED_AUTOS = YES;
				GCC_WARN_UNUSED_VARIABLE = YES;
				IPHONEOS_DEPLOYMENT_TARGET = 6.0;
				OTHER_CFLAGS = "-DNS_BLOCK_ASSERTIONS=1";
				SDKROOT = iphoneos;
				TARGETED_DEVICE_FAMILY = "1,2";
				VALIDATE_PRODUCT = YES;
			};
			name = Release;
		};
		63204817163614B100FE566F /* Debug */ = {
			isa = XCBuildConfiguration;
			buildSettings = {
				GCC_PRECOMPILE_PREFIX_HEADER = YES;
				GCC_PREFIX_HEADER = "MemeEmoji/MemeEmoji-Prefix.pch";
				INFOPLIST_FILE = "MemeEmoji/MemeEmoji-Info.plist";
				PRODUCT_NAME = "$(TARGET_NAME)";
				WRAPPER_EXTENSION = app;
			};
			name = Debug;
		};
		63204818163614B100FE566F /* Release */ = {
			isa = XCBuildConfiguration;
			buildSettings = {
				GCC_PRECOMPILE_PREFIX_HEADER = YES;
				GCC_PREFIX_HEADER = "MemeEmoji/MemeEmoji-Prefix.pch";
				INFOPLIST_FILE = "MemeEmoji/MemeEmoji-Info.plist";
				PRODUCT_NAME = "$(TARGET_NAME)";
				WRAPPER_EXTENSION = app;
			};
			name = Release;
		};
/* End XCBuildConfiguration section */

/* Begin XCConfigurationList section */
		632047E9163614B100FE566F /* Build configuration list for PBXProject "MemeEmoji" */ = {
			isa = XCConfigurationList;
			buildConfigurations = (
				63204814163614B100FE566F /* Debug */,
				63204815163614B100FE566F /* Release */,
			);
			defaultConfigurationIsVisible = 0;
			defaultConfigurationName = Release;
		};
		63204816163614B100FE566F /* Build configuration list for PBXNativeTarget "MemeEmoji" */ = {
			isa = XCConfigurationList;
			buildConfigurations = (
				63204817163614B100FE566F /* Debug */,
				63204818163614B100FE566F /* Release */,
			);
			defaultConfigurationIsVisible = 0;
			defaultConfigurationName = Release;
		};
/* End XCConfigurationList section */
	};
	rootObject = 632047E6163614B100FE566F /* Project object */;
}
